PODS:
  - AppCenter/Analytics (1.14.0):
    - AppCenter/Core
  - AppCenter/Core (1.14.0)
  - AppCenter/Crashes (1.14.0):
    - AppCenter/Core
  - AppCenter/Push (1.14.0):
    - AppCenter/Core
  - AppCenterReactNativeShared (1.13.0):
    - AppCenter/Core (= 1.14.0)
  - React (0.59.5):
    - React/Core (= 0.59.5)
  - React/Core (0.59.5):
    - yoga (= 0.59.5.React)
  - yoga (0.59.5.React)

DEPENDENCIES:
  - AppCenter/Analytics (~> 1.14.0)
  - AppCenter/Crashes (~> 1.14.0)
  - AppCenter/Push (~> 1.14.0)
  - AppCenterReactNativeShared (~> 1.13.0)
  - React (from `../node_modules/react-native`)
  - yoga (from `../node_modules/react-native/ReactCommon/yoga`)

SPEC REPOS:
  https://github.com/cocoapods/specs.git:
    - AppCenter
    - AppCenterReactNativeShared

EXTERNAL SOURCES:
  React:
    :path: "../node_modules/react-native"
  yoga:
    :path: "../node_modules/react-native/ReactCommon/yoga"

SPEC CHECKSUMS:
  AppCenter: 02c5efe08d3bbab5421ae41d5f7aa7238906b817
  AppCenterReactNativeShared: 00f470c3c17b47718db8733cbe811ccdcfd86282
  React: 90adac468c7b72bf1fa6c64bf230650f851a8388
  yoga: 2e571f113e8cbeb0eb752aeebc86c1bfe7a8200c

PODFILE CHECKSUM: c0850a513eec859c6cf122f9c367e7025c2cad7b

COCOAPODS: 1.6.1
